
Microsoft Visual Studio Solution File, Format Version 12.00
# Visual Studio 15
VisualStudioVersion = 15.0.27130.2027
MinimumVisualStudioVersion = 10.0.40219.1
Project("{9A19103F-16F7-4668-BE54-9A1E7A4F7556}") = "Sentry", "Sentry\Sentry.csproj", "{D2AE38FB-15B9-4211-A281-CCADE3C344D4}"
EndProject
Project("{9A19103F-16F7-4668-BE54-9A1E7A4F7556}") = "Aids", "Aids\Aids.csproj", "{93490416-17B8-434E-93EB-D085796E43FA}"
EndProject
Project("{9A19103F-16F7-4668-BE54-9A1E7A4F7556}") = "Core", "Core\Core.csproj", "{DC2F7177-A275-4839-984F-348296FEB5CA}"
EndProject
Project("{9A19103F-16F7-4668-BE54-9A1E7A4F7556}") = "Data", "Data\Data.csproj", "{E8C4C2C8-22AC-466E-8EA8-F5BA0E68C83E}"
EndProject
Project("{9A19103F-16F7-4668-BE54-9A1E7A4F7556}") = "Domain", "Domain\Domain.csproj", "{BA44B8B7-6AB4-48FC-BC38-B54F92D84DEA}"
EndProject
Project("{9A19103F-16F7-4668-BE54-9A1E7A4F7556}") = "Facade", "Facade\Facade.csproj", "{354AEBE5-69B8-46E3-B7C9-89308A774365}"
EndProject
Project("{9A19103F-16F7-4668-BE54-9A1E7A4F7556}") = "Infra", "Infra\Infra.csproj", "{A093F3A0-983D-4491-89AE-23756A52D55F}"
EndProject
Project("{FAE04EC0-301F-11D3-BF4B-00C04F79EFBC}") = "Tests", "Tests\Tests.csproj", "{ACC62215-9CED-4FE6-A0BE-56DC37E81889}"
EndProject
Global
	GlobalSection(SolutionConfigurationPlatforms) = preSolution
		Debug|Any CPU = Debug|Any CPU
		Release|Any CPU = Release|Any CPU
	EndGlobalSection
	GlobalSection(ProjectConfigurationPlatforms) = postSolution
		{D2AE38FB-15B9-4211-A281-CCADE3C344D4}.Debug|Any CPU.ActiveCfg = Debug|Any CPU
		{D2AE38FB-15B9-4211-A281-CCADE3C344D4}.Debug|Any CPU.Build.0 = Debug|Any CPU
		{D2AE38FB-15B9-4211-A281-CCADE3C344D4}.Release|Any CPU.ActiveCfg = Release|Any CPU
		{D2AE38FB-15B9-4211-A281-CCADE3C344D4}.Release|Any CPU.Build.0 = Release|Any CPU
		{93490416-17B8-434E-93EB-D085796E43FA}.Debug|Any CPU.ActiveCfg = Debug|Any CPU
		{93490416-17B8-434E-93EB-D085796E43FA}.Debug|Any CPU.Build.0 = Debug|Any CPU
		{93490416-17B8-434E-93EB-D085796E43FA}.Release|Any CPU.ActiveCfg = Release|Any CPU
		{93490416-17B8-434E-93EB-D085796E43FA}.Release|Any CPU.Build.0 = Release|Any CPU
		{DC2F7177-A275-4839-984F-348296FEB5CA}.Debug|Any CPU.ActiveCfg = Debug|Any CPU
		{DC2F7177-A275-4839-984F-348296FEB5CA}.Debug|Any CPU.Build.0 = Debug|Any CPU
		{DC2F7177-A275-4839-984F-348296FEB5CA}.Release|Any CPU.ActiveCfg = Release|Any CPU
		{DC2F7177-A275-4839-984F-348296FEB5CA}.Release|Any CPU.Build.0 = Release|Any CPU
		{E8C4C2C8-22AC-466E-8EA8-F5BA0E68C83E}.Debug|Any CPU.ActiveCfg = Debug|Any CPU
		{E8C4C2C8-22AC-466E-8EA8-F5BA0E68C83E}.Debug|Any CPU.Build.0 = Debug|Any CPU
		{E8C4C2C8-22AC-466E-8EA8-F5BA0E68C83E}.Release|Any CPU.ActiveCfg = Release|Any CPU
		{E8C4C2C8-22AC-466E-8EA8-F5BA0E68C83E}.Release|Any CPU.Build.0 = Release|Any CPU
		{BA44B8B7-6AB4-48FC-BC38-B54F92D84DEA}.Debug|Any CPU.ActiveCfg = Debug|Any CPU
		{BA44B8B7-6AB4-48FC-BC38-B54F92D84DEA}.Debug|Any CPU.Build.0 = Debug|Any CPU
		{BA44B8B7-6AB4-48FC-BC38-B54F92D84DEA}.Release|Any CPU.ActiveCfg = Release|Any CPU
		{BA44B8B7-6AB4-48FC-BC38-B54F92D84DEA}.Release|Any CPU.Build.0 = Release|Any CPU
		{354AEBE5-69B8-46E3-B7C9-89308A774365}.Debug|Any CPU.ActiveCfg = Debug|Any CPU
		{354AEBE5-69B8-46E3-B7C9-89308A774365}.Debug|Any CPU.Build.0 = Debug|Any CPU
		{354AEBE5-69B8-46E3-B7C9-89308A774365}.Release|Any CPU.ActiveCfg = Release|Any CPU
		{354AEBE5-69B8-46E3-B7C9-89308A774365}.Release|Any CPU.Build.0 = Release|Any CPU
		{A093F3A0-983D-4491-89AE-23756A52D55F}.Debug|Any CPU.ActiveCfg = Debug|Any CPU
		{A093F3A0-983D-4491-89AE-23756A52D55F}.Debug|Any CPU.Build.0 = Debug|Any CPU
		{A093F3A0-983D-4491-89AE-23756A52D55F}.Release|Any CPU.ActiveCfg = Release|Any CPU
		{A093F3A0-983D-4491-89AE-23756A52D55F}.Release|Any CPU.Build.0 = Release|Any CPU
		{ACC62215-9CED-4FE6-A0BE-56DC37E81889}.Debug|Any CPU.ActiveCfg = Debug|Any CPU
		{ACC62215-9CED-4FE6-A0BE-56DC37E81889}.Debug|Any CPU.Build.0 = Debug|Any CPU
		{ACC62215-9CED-4FE6-A0BE-56DC37E81889}.Release|Any CPU.ActiveCfg = Release|Any CPU
		{ACC62215-9CED-4FE6-A0BE-56DC37E81889}.Release|Any CPU.Build.0 = Release|Any CPU
	EndGlobalSection
	GlobalSection(SolutionProperties) = preSolution
		HideSolutionNode = FALSE
	EndGlobalSection
	GlobalSection(ExtensibilityGlobals) = postSolution
		SolutionGuid = {4355FCC6-8C6F-4922-BBCB-3D177F5E16E0}
	EndGlobalSection
EndGlobal
